
Microsoft Visual Studio Solution File, Format Version 12.00
Project("{FAE04EC0-301F-11D3-BF4B-00C04F79EFBC}") = "zadania", "zadania\zadania.csproj", "{EDFFB95E-DA09-4FB5-AFC7-EAACB46B938D}"
EndProject
Project("{FAE04EC0-301F-11D3-BF4B-00C04F79EFBC}") = "zadanie1", "zadanie1\zadanie1.csproj", "{571F95A0-FB97-4C55-9DC5-DFFAF805AC88}"
EndProject
Project("{FAE04EC0-301F-11D3-BF4B-00C04F79EFBC}") = "Zadanie1UnitTestss", "Zadanie1UnitTestss\Zadanie1UnitTestss.csproj", "{30789473-8F9D-4E88-A038-B3AA537E1E60}"
EndProject
Global
	GlobalSection(SolutionConfigurationPlatforms) = preSolution
		Debug|Any CPU = Debug|Any CPU
		Release|Any CPU = Release|Any CPU
	EndGlobalSection
	GlobalSection(ProjectConfigurationPlatforms) = postSolution
		{EDFFB95E-DA09-4FB5-AFC7-EAACB46B938D}.Debug|Any CPU.ActiveCfg = Debug|Any CPU
		{EDFFB95E-DA09-4FB5-AFC7-EAACB46B938D}.Debug|Any CPU.Build.0 = Debug|Any CPU
		{EDFFB95E-DA09-4FB5-AFC7-EAACB46B938D}.Release|Any CPU.ActiveCfg = Release|Any CPU
		{EDFFB95E-DA09-4FB5-AFC7-EAACB46B938D}.Release|Any CPU.Build.0 = Release|Any CPU
		{571F95A0-FB97-4C55-9DC5-DFFAF805AC88}.Debug|Any CPU.ActiveCfg = Debug|Any CPU
		{571F95A0-FB97-4C55-9DC5-DFFAF805AC88}.Debug|Any CPU.Build.0 = Debug|Any CPU
		{571F95A0-FB97-4C55-9DC5-DFFAF805AC88}.Release|Any CPU.ActiveCfg = Release|Any CPU
		{571F95A0-FB97-4C55-9DC5-DFFAF805AC88}.Release|Any CPU.Build.0 = Release|Any CPU
		{30789473-8F9D-4E88-A038-B3AA537E1E60}.Debug|Any CPU.ActiveCfg = Debug|Any CPU
		{30789473-8F9D-4E88-A038-B3AA537E1E60}.Debug|Any CPU.Build.0 = Debug|Any CPU
		{30789473-8F9D-4E88-A038-B3AA537E1E60}.Release|Any CPU.ActiveCfg = Release|Any CPU
		{30789473-8F9D-4E88-A038-B3AA537E1E60}.Release|Any CPU.Build.0 = Release|Any CPU
	EndGlobalSection
EndGlobal
